
Microsoft Visual Studio Solution File, Format Version 12.00
# Visual Studio Version 17
VisualStudioVersion = 17.8.34322.80
MinimumVisualStudioVersion = 10.0.40219.1
Project("{FAE04EC0-301F-11D3-BF4B-00C04F79EFBC}") = "Animal", "Animal\Animal.csproj", "{B8CEBDA0-6A2A-4F61-982C-6CCDE38B6E4F}"
EndProject
Global
	GlobalSection(SolutionConfigurationPlatforms) = preSolution
		Debug|Any CPU = Debug|Any CPU
		Release|Any CPU = Release|Any CPU
	EndGlobalSection
	GlobalSection(ProjectConfigurationPlatforms) = postSolution
		{B8CEBDA0-6A2A-4F61-982C-6CCDE38B6E4F}.Debug|Any CPU.ActiveCfg = Debug|Any CPU
		{B8CEBDA0-6A2A-4F61-982C-6CCDE38B6E4F}.Debug|Any CPU.Build.0 = Debug|Any CPU
		{B8CEBDA0-6A2A-4F61-982C-6CCDE38B6E4F}.Release|Any CPU.ActiveCfg = Release|Any CPU
		{B8CEBDA0-6A2A-4F61-982C-6CCDE38B6E4F}.Release|Any CPU.Build.0 = Release|Any CPU
	EndGlobalSection
	GlobalSection(SolutionProperties) = preSolution
		HideSolutionNode = FALSE
	EndGlobalSection
	GlobalSection(ExtensibilityGlobals) = postSolution
		SolutionGuid = {929A8F4E-C8DD-40A1-9C1E-A1E0330753C5}
	EndGlobalSection
EndGlobal
